Microsoft Visual Studio Solution File, Format Version 12.00
# Visual Studio 15
VisualStudioVersion = 15.0.28307.902
MinimumVisualStudioVersion = 10.0.40219.1
Project("{2150E333-8FDC-42A3-9474-1A3956D46DE8}") = ".Solution Items", ".Solution Items", "{B429E0BA-4F78-44A2-B61A-8093A17789C4}"
	ProjectSection(SolutionItems) = preProject
		DownloadURLs.TXT = DownloadURLs.TXT
		README.md = README.md
	EndProjectSection
EndProject
Project("{FAE04EC0-301F-11D3-BF4B-00C04F79EFBC}") = "ModelDesigner.Configuration.UnitTests", "ModelDesigner.Configuration.UnitTests\ModelDesigner.Configuration.UnitTests.csproj", "{8F6A704E-F1E3-413B-AA5B-ECB741C4F73F}"
EndProject
Project("{FAE04EC0-301F-11D3-BF4B-00C04F79EFBC}") = "ModelDesigner.ImportExport.UnitTests", "ModelDesigner.ImportExport.UnitTests\ModelDesigner.ImportExport.UnitTests.csproj", "{0DEBB963-CA92-44D8-998F-9EDCF62547CF}"
EndProject
Project("{FAE04EC0-301F-11D3-BF4B-00C04F79EFBC}") = "ModelDesigner.ImportExport", "ModelDesigner.ImportExport\ModelDesigner.ImportExport.csproj", "{7C805BC4-B9C0-48E0-9D3F-D1C322B35ACB}"
EndProject
Project("{FAE04EC0-301F-11D3-BF4B-00C04F79EFBC}") = "ModelDesigner.Configuration", "ModelDesigner.Configuration\ModelDesigner.Configuration.csproj", "{B4E9C610-790A-417C-BF68-7B3E0AECCAA4}"
EndProject
Project("{FAE04EC0-301F-11D3-BF4B-00C04F79EFBC}") = "ModelDesigner.DesignStudio", "ModelDesigner.DesignStudio\ModelDesigner.DesignStudio.csproj", "{0B8CEFFB-66AD-447C-B009-1E06D8EEF2C4}"
EndProject
Project("{FAE04EC0-301F-11D3-BF4B-00C04F79EFBC}") = "ModelDesigner.MeshDiagram3D", "ModelDesigne.MeshDiagram3D\ModelDesigne.MeshDiagram3D\ModelDesigner.MeshDiagram3D.csproj", "{839C6517-D1BF-4142-8668-444F2047C7CF}"
EndProject
Project("{FAE04EC0-301F-11D3-BF4B-00C04F79EFBC}") = "ModelDesigner.3DTools", "ModelDesigne.3DTools\ModelDesigne.3DTools\ModelDesigner.3DTools.csproj", "{5F603892-DE40-4246-A969-1C6717AFE35D}"
EndProject
Project("{FAE04EC0-301F-11D3-BF4B-00C04F79EFBC}") = "ModelDesigner.DesignStudio.UnitTest", "ModelDesigner.DesignStudio.UnitTest\ModelDesigner.DesignStudio.UnitTest.csproj", "{1F0F64D5-0977-4F85-8AD1-FC24AF68E244}"
EndProject
Project("{FAE04EC0-301F-11D3-BF4B-00C04F79EFBC}") = "ModelDesigner.Scripts", "ModelDesigner.CreateTag\ModelDesigner.Scripts.csproj", "{9980473B-E30A-4DD9-91FC-15126D050E68}"
EndProject
Project("{FAE04EC0-301F-11D3-BF4B-00C04F79EFBC}") = "ModelDesigner.ModelsContainer", "ModelDesigner.ModelsContainer\ModelDesigner.ModelsContainer.csproj", "{643A2A07-394D-418F-937C-2D394EFE5015}"
EndProject
Project("{FAE04EC0-301F-11D3-BF4B-00C04F79EFBC}") = "ModelDesigner.ModelsContainer.UnitTests", "ModelDesigner.ModelsContainer.UnitTests\ModelDesigner.ModelsContainer.UnitTests.csproj", "{5F77262E-F522-462F-B30F-3FAD94723592}"
EndProject
Project("{F088123C-0E9E-452A-89E6-6BA2F21D5CAC}") = "ModelDesigner.DesignStudio.ModelingProject", "ModelDesigner.DesignStudio.ModelingProject\ModelDesigner.DesignStudio.ModelingProject.modelproj", "{6ABE65B9-711D-4C91-B28E-671252DE4E1C}"
EndProject
Project("{FAE04EC0-301F-11D3-BF4B-00C04F79EFBC}") = "T4Definitions", "CommonResources\T4Definitions\T4Definitions.csproj", "{D506423B-BA21-49E6-8C3B-88A771CA444E}"
EndProject
Global
	GlobalSection(SolutionConfigurationPlatforms) = preSolution
		Debug|Any CPU = Debug|Any CPU
		Release|Any CPU = Release|Any CPU
	EndGlobalSection
	GlobalSection(ProjectConfigurationPlatforms) = postSolution
		{8F6A704E-F1E3-413B-AA5B-ECB741C4F73F}.Debug|Any CPU.ActiveCfg = Debug|Any CPU
		{8F6A704E-F1E3-413B-AA5B-ECB741C4F73F}.Debug|Any CPU.Build.0 = Debug|Any CPU
		{8F6A704E-F1E3-413B-AA5B-ECB741C4F73F}.Release|Any CPU.ActiveCfg = Release|Any CPU
		{0DEBB963-CA92-44D8-998F-9EDCF62547CF}.Debug|Any CPU.ActiveCfg = Debug|Any CPU
		{0DEBB963-CA92-44D8-998F-9EDCF62547CF}.Debug|Any CPU.Build.0 = Debug|Any CPU
		{0DEBB963-CA92-44D8-998F-9EDCF62547CF}.Release|Any CPU.ActiveCfg = Release|Any CPU
		{7C805BC4-B9C0-48E0-9D3F-D1C322B35ACB}.Debug|Any CPU.ActiveCfg = Debug|Any CPU
		{7C805BC4-B9C0-48E0-9D3F-D1C322B35ACB}.Debug|Any CPU.Build.0 = Debug|Any CPU
		{7C805BC4-B9C0-48E0-9D3F-D1C322B35ACB}.Release|Any CPU.ActiveCfg = Release|Any CPU
		{7C805BC4-B9C0-48E0-9D3F-D1C322B35ACB}.Release|Any CPU.Build.0 = Release|Any CPU
		{B4E9C610-790A-417C-BF68-7B3E0AECCAA4}.Debug|Any CPU.ActiveCfg = Debug|Any CPU
		{B4E9C610-790A-417C-BF68-7B3E0AECCAA4}.Debug|Any CPU.Build.0 = Debug|Any CPU
		{B4E9C610-790A-417C-BF68-7B3E0AECCAA4}.Release|Any CPU.ActiveCfg = Release|Any CPU
		{B4E9C610-790A-417C-BF68-7B3E0AECCAA4}.Release|Any CPU.Build.0 = Release|Any CPU
		{0B8CEFFB-66AD-447C-B009-1E06D8EEF2C4}.Debug|Any CPU.ActiveCfg = Debug|Any CPU
		{0B8CEFFB-66AD-447C-B009-1E06D8EEF2C4}.Debug|Any CPU.Build.0 = Debug|Any CPU
		{0B8CEFFB-66AD-447C-B009-1E06D8EEF2C4}.Release|Any CPU.ActiveCfg = Release|Any CPU
		{0B8CEFFB-66AD-447C-B009-1E06D8EEF2C4}.Release|Any CPU.Build.0 = Release|Any CPU
		{839C6517-D1BF-4142-8668-444F2047C7CF}.Debug|Any CPU.ActiveCfg = Debug|Any CPU
		{839C6517-D1BF-4142-8668-444F2047C7CF}.Debug|Any CPU.Build.0 = Debug|Any CPU
		{839C6517-D1BF-4142-8668-444F2047C7CF}.Release|Any CPU.ActiveCfg = Release|Any CPU
		{839C6517-D1BF-4142-8668-444F2047C7CF}.Release|Any CPU.Build.0 = Release|Any CPU
		{5F603892-DE40-4246-A969-1C6717AFE35D}.Debug|Any CPU.ActiveCfg = Debug|Any CPU
		{5F603892-DE40-4246-A969-1C6717AFE35D}.Debug|Any CPU.Build.0 = Debug|Any CPU
		{5F603892-DE40-4246-A969-1C6717AFE35D}.Release|Any CPU.ActiveCfg = Release|Any CPU
		{5F603892-DE40-4246-A969-1C6717AFE35D}.Release|Any CPU.Build.0 = Release|Any CPU
		{1F0F64D5-0977-4F85-8AD1-FC24AF68E244}.Debug|Any CPU.ActiveCfg = Debug|Any CPU
		{1F0F64D5-0977-4F85-8AD1-FC24AF68E244}.Debug|Any CPU.Build.0 = Debug|Any CPU
		{1F0F64D5-0977-4F85-8AD1-FC24AF68E244}.Release|Any CPU.ActiveCfg = Release|Any CPU
		{9980473B-E30A-4DD9-91FC-15126D050E68}.Debug|Any CPU.ActiveCfg = Debug|Any CPU
		{9980473B-E30A-4DD9-91FC-15126D050E68}.Debug|Any CPU.Build.0 = Debug|Any CPU
		{9980473B-E30A-4DD9-91FC-15126D050E68}.Release|Any CPU.ActiveCfg = Release|Any CPU
		{9980473B-E30A-4DD9-91FC-15126D050E68}.Release|Any CPU.Build.0 = Release|Any CPU
		{643A2A07-394D-418F-937C-2D394EFE5015}.Debug|Any CPU.ActiveCfg = Debug|Any CPU
		{643A2A07-394D-418F-937C-2D394EFE5015}.Debug|Any CPU.Build.0 = Debug|Any CPU
		{643A2A07-394D-418F-937C-2D394EFE5015}.Release|Any CPU.ActiveCfg = Release|Any CPU
		{643A2A07-394D-418F-937C-2D394EFE5015}.Release|Any CPU.Build.0 = Release|Any CPU
		{5F77262E-F522-462F-B30F-3FAD94723592}.Debug|Any CPU.ActiveCfg = Debug|Any CPU
		{5F77262E-F522-462F-B30F-3FAD94723592}.Debug|Any CPU.Build.0 = Debug|Any CPU
		{5F77262E-F522-462F-B30F-3FAD94723592}.Release|Any CPU.ActiveCfg = Release|Any CPU
		{5F77262E-F522-462F-B30F-3FAD94723592}.Release|Any CPU.Build.0 = Release|Any CPU
		{6ABE65B9-711D-4C91-B28E-671252DE4E1C}.Debug|Any CPU.ActiveCfg = Debug|Any CPU
		{6ABE65B9-711D-4C91-B28E-671252DE4E1C}.Debug|Any CPU.Build.0 = Debug|Any CPU
		{6ABE65B9-711D-4C91-B28E-671252DE4E1C}.Release|Any CPU.ActiveCfg = Release|Any CPU
		{6ABE65B9-711D-4C91-B28E-671252DE4E1C}.Release|Any CPU.Build.0 = Release|Any CPU
		{D506423B-BA21-49E6-8C3B-88A771CA444E}.Debug|Any CPU.ActiveCfg = Debug|Any CPU
		{D506423B-BA21-49E6-8C3B-88A771CA444E}.Debug|Any CPU.Build.0 = Debug|Any CPU
		{D506423B-BA21-49E6-8C3B-88A771CA444E}.Release|Any CPU.ActiveCfg = Release|Any CPU
		{D506423B-BA21-49E6-8C3B-88A771CA444E}.Release|Any CPU.Build.0 = Release|Any CPU
	EndGlobalSection
	GlobalSection(SolutionProperties) = preSolution
		HideSolutionNode = FALSE
	EndGlobalSection
	GlobalSection(NestedProjects) = preSolution
		{D506423B-BA21-49E6-8C3B-88A771CA444E} = {B429E0BA-4F78-44A2-B61A-8093A17789C4}
	EndGlobalSection
	GlobalSection(ExtensibilityGlobals) = postSolution
		SolutionGuid = {44F03BC2-35ED-43E8-A43D-71C089CCD611}
		EnterpriseLibraryConfigurationToolBinariesPathV6 = packages\EnterpriseLibrary.Common.6.0.1304.0\lib\NET45;packages\EnterpriseLibrary.ExceptionHandling.6.0.1304.0\lib\NET45;packages\EnterpriseLibrary.Logging.6.0.1304.0\lib\NET45
	EndGlobalSection
	GlobalSection(SubversionScc) = preSolution
		Svn-Managed = True
		Manager = AnkhSVN - Subversion Support for Visual Studio
	EndGlobalSection
	GlobalSection(TestCaseManagementSettings) = postSolution
		CategoryFile = ASModelDesigner.vsmdi
	EndGlobalSection
EndGlobal
