Microsoft Visual Studio Solution File, Format Version 12.00
# Visual Studio Version 16
VisualStudioVersion = 16.0.31729.503
MinimumVisualStudioVersion = 10.0.40219.1
Project("{2150E333-8FDC-42A3-9474-1A3956D46DE8}") = ".Solution Items", ".Solution Items", "{B429E0BA-4F78-44A2-B61A-8093A17789C4}"
	ProjectSection(SolutionItems) = preProject
		.gitmodules = .gitmodules
		LICENSE = LICENSE
		NuGet.Config = NuGet.Config
		README.md = README.md
		SolutionMetadataTemplate.t4 = SolutionMetadataTemplate.t4
	EndProjectSection
EndProject
Project("{FAE04EC0-301F-11D3-BF4B-00C04F79EFBC}") = "ModelDesigner.Configuration.UnitTests", "ModelDesigner.Configuration.UnitTests\ModelDesigner.Configuration.UnitTests.csproj", "{8F6A704E-F1E3-413B-AA5B-ECB741C4F73F}"
EndProject
Project("{FAE04EC0-301F-11D3-BF4B-00C04F79EFBC}") = "ModelDesigner.ImportExport.UnitTests", "ModelDesigner.ImportExport.UnitTests\ModelDesigner.ImportExport.UnitTests.csproj", "{0DEBB963-CA92-44D8-998F-9EDCF62547CF}"
EndProject
Project("{FAE04EC0-301F-11D3-BF4B-00C04F79EFBC}") = "ModelDesigner.ImportExport", "ModelDesigner.ImportExport\ModelDesigner.ImportExport.csproj", "{7C805BC4-B9C0-48E0-9D3F-D1C322B35ACB}"
EndProject
Project("{FAE04EC0-301F-11D3-BF4B-00C04F79EFBC}") = "ModelDesigner.Configuration", "ModelDesigner.Configuration\ModelDesigner.Configuration.csproj", "{B4E9C610-790A-417C-BF68-7B3E0AECCAA4}"
EndProject
Project("{FAE04EC0-301F-11D3-BF4B-00C04F79EFBC}") = "ModelDesigner.DesignStudio", "ModelDesigner.DesignStudio\ModelDesigner.DesignStudio.csproj", "{0B8CEFFB-66AD-447C-B009-1E06D8EEF2C4}"
EndProject
Project("{FAE04EC0-301F-11D3-BF4B-00C04F79EFBC}") = "ModelDesigner.3DTools", "ModelDesigne.3DTools\ModelDesigne.3DTools\ModelDesigner.3DTools.csproj", "{5F603892-DE40-4246-A969-1C6717AFE35D}"
EndProject
Project("{FAE04EC0-301F-11D3-BF4B-00C04F79EFBC}") = "ModelDesigner.DesignStudio.UnitTest", "ModelDesigner.DesignStudio.UnitTest\ModelDesigner.DesignStudio.UnitTest.csproj", "{1F0F64D5-0977-4F85-8AD1-FC24AF68E244}"
EndProject
Project("{FAE04EC0-301F-11D3-BF4B-00C04F79EFBC}") = "ModelDesigner.ModelsContainer", "ModelDesigner.ModelsContainer\ModelDesigner.ModelsContainer.csproj", "{643A2A07-394D-418F-937C-2D394EFE5015}"
EndProject
Project("{FAE04EC0-301F-11D3-BF4B-00C04F79EFBC}") = "ModelDesigner.ModelsContainer.UnitTests", "ModelDesigner.ModelsContainer.UnitTests\ModelDesigner.ModelsContainer.UnitTests.csproj", "{5F77262E-F522-462F-B30F-3FAD94723592}"
EndProject
Project("{9A19103F-16F7-4668-BE54-9A1E7A4F7556}") = "ASMD.GUIAbstractions", "ASMD.GUIAbstractions\ASMD.GUIAbstractions.csproj", "{309AA08A-6A69-4475-984A-0CC9284C464F}"
EndProject
Project("{FAE04EC0-301F-11D3-BF4B-00C04F79EFBC}") = "ModelDesigner.MeshDiagram3D", "ModelDesigner.MeshDiagram3D\ModelDesigner.MeshDiagram3D.csproj", "{839C6517-D1BF-4142-8668-444F2047C7CF}"
EndProject
Project("{9A19103F-16F7-4668-BE54-9A1E7A4F7556}") = "OPCUA.CoreDefinitions", "OPCUA.CoreDefinitions\OPCUA.CoreDefinitions.csproj", "{54B4EB9C-741F-45A7-AF38-761282748310}"
EndProject
Project("{FAE04EC0-301F-11D3-BF4B-00C04F79EFBC}") = "OPCUA.CoreDefinitionsUnitTest", "OPCUA.CoreDefinitionsUnitTest\OPCUA.CoreDefinitionsUnitTest.csproj", "{26932CFF-13F6-4D10-AD97-C8F0EFF342C3}"
EndProject
Project("{FAE04EC0-301F-11D3-BF4B-00C04F79EFBC}") = "UA.Common", "OPCUA.Common\UA.Common\UA.Common.csproj", "{37AFB65F-D781-4AF3-B90E-1F26A7D2BA7A}"
EndProject
Global
	GlobalSection(SolutionConfigurationPlatforms) = preSolution
		Debug|Any CPU = Debug|Any CPU
		Debug|x64 = Debug|x64
		Release|Any CPU = Release|Any CPU
		Release|x64 = Release|x64
	EndGlobalSection
	GlobalSection(ProjectConfigurationPlatforms) = postSolution
		{8F6A704E-F1E3-413B-AA5B-ECB741C4F73F}.Debug|Any CPU.ActiveCfg = Debug|Any CPU
		{8F6A704E-F1E3-413B-AA5B-ECB741C4F73F}.Debug|Any CPU.Build.0 = Debug|Any CPU
		{8F6A704E-F1E3-413B-AA5B-ECB741C4F73F}.Debug|x64.ActiveCfg = Debug|x64
		{8F6A704E-F1E3-413B-AA5B-ECB741C4F73F}.Debug|x64.Build.0 = Debug|x64
		{8F6A704E-F1E3-413B-AA5B-ECB741C4F73F}.Release|Any CPU.ActiveCfg = Release|Any CPU
		{8F6A704E-F1E3-413B-AA5B-ECB741C4F73F}.Release|x64.ActiveCfg = Release|x64
		{8F6A704E-F1E3-413B-AA5B-ECB741C4F73F}.Release|x64.Build.0 = Release|x64
		{0DEBB963-CA92-44D8-998F-9EDCF62547CF}.Debug|Any CPU.ActiveCfg = Debug|Any CPU
		{0DEBB963-CA92-44D8-998F-9EDCF62547CF}.Debug|Any CPU.Build.0 = Debug|Any CPU
		{0DEBB963-CA92-44D8-998F-9EDCF62547CF}.Debug|x64.ActiveCfg = Debug|x64
		{0DEBB963-CA92-44D8-998F-9EDCF62547CF}.Debug|x64.Build.0 = Debug|x64
		{0DEBB963-CA92-44D8-998F-9EDCF62547CF}.Release|Any CPU.ActiveCfg = Release|Any CPU
		{0DEBB963-CA92-44D8-998F-9EDCF62547CF}.Release|x64.ActiveCfg = Release|x64
		{0DEBB963-CA92-44D8-998F-9EDCF62547CF}.Release|x64.Build.0 = Release|x64
		{7C805BC4-B9C0-48E0-9D3F-D1C322B35ACB}.Debug|Any CPU.ActiveCfg = Debug|Any CPU
		{7C805BC4-B9C0-48E0-9D3F-D1C322B35ACB}.Debug|Any CPU.Build.0 = Debug|Any CPU
		{7C805BC4-B9C0-48E0-9D3F-D1C322B35ACB}.Debug|x64.ActiveCfg = Debug|x64
		{7C805BC4-B9C0-48E0-9D3F-D1C322B35ACB}.Debug|x64.Build.0 = Debug|x64
		{7C805BC4-B9C0-48E0-9D3F-D1C322B35ACB}.Release|Any CPU.ActiveCfg = Release|Any CPU
		{7C805BC4-B9C0-48E0-9D3F-D1C322B35ACB}.Release|Any CPU.Build.0 = Release|Any CPU
		{7C805BC4-B9C0-48E0-9D3F-D1C322B35ACB}.Release|x64.ActiveCfg = Release|x64
		{7C805BC4-B9C0-48E0-9D3F-D1C322B35ACB}.Release|x64.Build.0 = Release|x64
		{B4E9C610-790A-417C-BF68-7B3E0AECCAA4}.Debug|Any CPU.ActiveCfg = Debug|Any CPU
		{B4E9C610-790A-417C-BF68-7B3E0AECCAA4}.Debug|Any CPU.Build.0 = Debug|Any CPU
		{B4E9C610-790A-417C-BF68-7B3E0AECCAA4}.Debug|x64.ActiveCfg = Debug|x64
		{B4E9C610-790A-417C-BF68-7B3E0AECCAA4}.Debug|x64.Build.0 = Debug|x64
		{B4E9C610-790A-417C-BF68-7B3E0AECCAA4}.Release|Any CPU.ActiveCfg = Release|Any CPU
		{B4E9C610-790A-417C-BF68-7B3E0AECCAA4}.Release|Any CPU.Build.0 = Release|Any CPU
		{B4E9C610-790A-417C-BF68-7B3E0AECCAA4}.Release|x64.ActiveCfg = Release|x64
		{B4E9C610-790A-417C-BF68-7B3E0AECCAA4}.Release|x64.Build.0 = Release|x64
		{0B8CEFFB-66AD-447C-B009-1E06D8EEF2C4}.Debug|Any CPU.ActiveCfg = Debug|Any CPU
		{0B8CEFFB-66AD-447C-B009-1E06D8EEF2C4}.Debug|Any CPU.Build.0 = Debug|Any CPU
		{0B8CEFFB-66AD-447C-B009-1E06D8EEF2C4}.Debug|x64.ActiveCfg = Debug|x64
		{0B8CEFFB-66AD-447C-B009-1E06D8EEF2C4}.Debug|x64.Build.0 = Debug|x64
		{0B8CEFFB-66AD-447C-B009-1E06D8EEF2C4}.Release|Any CPU.ActiveCfg = Release|Any CPU
		{0B8CEFFB-66AD-447C-B009-1E06D8EEF2C4}.Release|Any CPU.Build.0 = Release|Any CPU
		{0B8CEFFB-66AD-447C-B009-1E06D8EEF2C4}.Release|x64.ActiveCfg = Release|x64
		{0B8CEFFB-66AD-447C-B009-1E06D8EEF2C4}.Release|x64.Build.0 = Release|x64
		{5F603892-DE40-4246-A969-1C6717AFE35D}.Debug|Any CPU.ActiveCfg = Debug|Any CPU
		{5F603892-DE40-4246-A969-1C6717AFE35D}.Debug|Any CPU.Build.0 = Debug|Any CPU
		{5F603892-DE40-4246-A969-1C6717AFE35D}.Debug|x64.ActiveCfg = Debug|x64
		{5F603892-DE40-4246-A969-1C6717AFE35D}.Debug|x64.Build.0 = Debug|x64
		{5F603892-DE40-4246-A969-1C6717AFE35D}.Release|Any CPU.ActiveCfg = Release|Any CPU
		{5F603892-DE40-4246-A969-1C6717AFE35D}.Release|Any CPU.Build.0 = Release|Any CPU
		{5F603892-DE40-4246-A969-1C6717AFE35D}.Release|x64.ActiveCfg = Release|x64
		{5F603892-DE40-4246-A969-1C6717AFE35D}.Release|x64.Build.0 = Release|x64
		{1F0F64D5-0977-4F85-8AD1-FC24AF68E244}.Debug|Any CPU.ActiveCfg = Debug|Any CPU
		{1F0F64D5-0977-4F85-8AD1-FC24AF68E244}.Debug|Any CPU.Build.0 = Debug|Any CPU
		{1F0F64D5-0977-4F85-8AD1-FC24AF68E244}.Debug|x64.ActiveCfg = Debug|x64
		{1F0F64D5-0977-4F85-8AD1-FC24AF68E244}.Debug|x64.Build.0 = Debug|x64
		{1F0F64D5-0977-4F85-8AD1-FC24AF68E244}.Release|Any CPU.ActiveCfg = Release|Any CPU
		{1F0F64D5-0977-4F85-8AD1-FC24AF68E244}.Release|x64.ActiveCfg = Release|x64
		{1F0F64D5-0977-4F85-8AD1-FC24AF68E244}.Release|x64.Build.0 = Release|x64
		{643A2A07-394D-418F-937C-2D394EFE5015}.Debug|Any CPU.ActiveCfg = Debug|Any CPU
		{643A2A07-394D-418F-937C-2D394EFE5015}.Debug|Any CPU.Build.0 = Debug|Any CPU
		{643A2A07-394D-418F-937C-2D394EFE5015}.Debug|x64.ActiveCfg = Debug|x64
		{643A2A07-394D-418F-937C-2D394EFE5015}.Debug|x64.Build.0 = Debug|x64
		{643A2A07-394D-418F-937C-2D394EFE5015}.Release|Any CPU.ActiveCfg = Release|Any CPU
		{643A2A07-394D-418F-937C-2D394EFE5015}.Release|Any CPU.Build.0 = Release|Any CPU
		{643A2A07-394D-418F-937C-2D394EFE5015}.Release|x64.ActiveCfg = Release|x64
		{643A2A07-394D-418F-937C-2D394EFE5015}.Release|x64.Build.0 = Release|x64
		{5F77262E-F522-462F-B30F-3FAD94723592}.Debug|Any CPU.ActiveCfg = Debug|Any CPU
		{5F77262E-F522-462F-B30F-3FAD94723592}.Debug|Any CPU.Build.0 = Debug|Any CPU
		{5F77262E-F522-462F-B30F-3FAD94723592}.Debug|x64.ActiveCfg = Debug|x64
		{5F77262E-F522-462F-B30F-3FAD94723592}.Debug|x64.Build.0 = Debug|x64
		{5F77262E-F522-462F-B30F-3FAD94723592}.Release|Any CPU.ActiveCfg = Release|Any CPU
		{5F77262E-F522-462F-B30F-3FAD94723592}.Release|Any CPU.Build.0 = Release|Any CPU
		{5F77262E-F522-462F-B30F-3FAD94723592}.Release|x64.ActiveCfg = Release|x64
		{5F77262E-F522-462F-B30F-3FAD94723592}.Release|x64.Build.0 = Release|x64
		{309AA08A-6A69-4475-984A-0CC9284C464F}.Debug|Any CPU.ActiveCfg = Debug|Any CPU
		{309AA08A-6A69-4475-984A-0CC9284C464F}.Debug|Any CPU.Build.0 = Debug|Any CPU
		{309AA08A-6A69-4475-984A-0CC9284C464F}.Debug|x64.ActiveCfg = Debug|x64
		{309AA08A-6A69-4475-984A-0CC9284C464F}.Debug|x64.Build.0 = Debug|x64
		{309AA08A-6A69-4475-984A-0CC9284C464F}.Release|Any CPU.ActiveCfg = Release|Any CPU
		{309AA08A-6A69-4475-984A-0CC9284C464F}.Release|Any CPU.Build.0 = Release|Any CPU
		{309AA08A-6A69-4475-984A-0CC9284C464F}.Release|x64.ActiveCfg = Release|x64
		{309AA08A-6A69-4475-984A-0CC9284C464F}.Release|x64.Build.0 = Release|x64
		{839C6517-D1BF-4142-8668-444F2047C7CF}.Debug|Any CPU.ActiveCfg = Debug|Any CPU
		{839C6517-D1BF-4142-8668-444F2047C7CF}.Debug|Any CPU.Build.0 = Debug|Any CPU
		{839C6517-D1BF-4142-8668-444F2047C7CF}.Debug|x64.ActiveCfg = Debug|x64
		{839C6517-D1BF-4142-8668-444F2047C7CF}.Debug|x64.Build.0 = Debug|x64
		{839C6517-D1BF-4142-8668-444F2047C7CF}.Release|Any CPU.ActiveCfg = Release|Any CPU
		{839C6517-D1BF-4142-8668-444F2047C7CF}.Release|Any CPU.Build.0 = Release|Any CPU
		{839C6517-D1BF-4142-8668-444F2047C7CF}.Release|x64.ActiveCfg = Release|x64
		{839C6517-D1BF-4142-8668-444F2047C7CF}.Release|x64.Build.0 = Release|x64
		{54B4EB9C-741F-45A7-AF38-761282748310}.Debug|Any CPU.ActiveCfg = Debug|Any CPU
		{54B4EB9C-741F-45A7-AF38-761282748310}.Debug|Any CPU.Build.0 = Debug|Any CPU
		{54B4EB9C-741F-45A7-AF38-761282748310}.Debug|x64.ActiveCfg = Debug|Any CPU
		{54B4EB9C-741F-45A7-AF38-761282748310}.Debug|x64.Build.0 = Debug|Any CPU
		{54B4EB9C-741F-45A7-AF38-761282748310}.Release|Any CPU.ActiveCfg = Release|Any CPU
		{54B4EB9C-741F-45A7-AF38-761282748310}.Release|Any CPU.Build.0 = Release|Any CPU
		{54B4EB9C-741F-45A7-AF38-761282748310}.Release|x64.ActiveCfg = Release|Any CPU
		{54B4EB9C-741F-45A7-AF38-761282748310}.Release|x64.Build.0 = Release|Any CPU
		{26932CFF-13F6-4D10-AD97-C8F0EFF342C3}.Debug|Any CPU.ActiveCfg = Debug|Any CPU
		{26932CFF-13F6-4D10-AD97-C8F0EFF342C3}.Debug|Any CPU.Build.0 = Debug|Any CPU
		{26932CFF-13F6-4D10-AD97-C8F0EFF342C3}.Debug|x64.ActiveCfg = Debug|Any CPU
		{26932CFF-13F6-4D10-AD97-C8F0EFF342C3}.Debug|x64.Build.0 = Debug|Any CPU
		{26932CFF-13F6-4D10-AD97-C8F0EFF342C3}.Release|Any CPU.ActiveCfg = Release|Any CPU
		{26932CFF-13F6-4D10-AD97-C8F0EFF342C3}.Release|Any CPU.Build.0 = Release|Any CPU
		{26932CFF-13F6-4D10-AD97-C8F0EFF342C3}.Release|x64.ActiveCfg = Release|Any CPU
		{26932CFF-13F6-4D10-AD97-C8F0EFF342C3}.Release|x64.Build.0 = Release|Any CPU
		{37AFB65F-D781-4AF3-B90E-1F26A7D2BA7A}.Debug|Any CPU.ActiveCfg = Debug|Any CPU
		{37AFB65F-D781-4AF3-B90E-1F26A7D2BA7A}.Debug|Any CPU.Build.0 = Debug|Any CPU
		{37AFB65F-D781-4AF3-B90E-1F26A7D2BA7A}.Debug|x64.ActiveCfg = Debug|Any CPU
		{37AFB65F-D781-4AF3-B90E-1F26A7D2BA7A}.Debug|x64.Build.0 = Debug|Any CPU
		{37AFB65F-D781-4AF3-B90E-1F26A7D2BA7A}.Release|Any CPU.ActiveCfg = Release|Any CPU
		{37AFB65F-D781-4AF3-B90E-1F26A7D2BA7A}.Release|Any CPU.Build.0 = Release|Any CPU
		{37AFB65F-D781-4AF3-B90E-1F26A7D2BA7A}.Release|x64.ActiveCfg = Release|Any CPU
		{37AFB65F-D781-4AF3-B90E-1F26A7D2BA7A}.Release|x64.Build.0 = Release|Any CPU
	EndGlobalSection
	GlobalSection(SolutionProperties) = preSolution
		HideSolutionNode = FALSE
	EndGlobalSection
	GlobalSection(ExtensibilityGlobals) = postSolution
		SolutionGuid = {44F03BC2-35ED-43E8-A43D-71C089CCD611}
		EnterpriseLibraryConfigurationToolBinariesPathV6 = packages\EnterpriseLibrary.Common.6.0.1304.0\lib\NET45;packages\EnterpriseLibrary.ExceptionHandling.6.0.1304.0\lib\NET45;packages\EnterpriseLibrary.Logging.6.0.1304.0\lib\NET45
	EndGlobalSection
	GlobalSection(SubversionScc) = preSolution
		Svn-Managed = True
		Manager = AnkhSVN - Subversion Support for Visual Studio
	EndGlobalSection
	GlobalSection(TestCaseManagementSettings) = postSolution
		CategoryFile = ASModelDesigner.vsmdi
	EndGlobalSection
EndGlobal
