
Microsoft Visual Studio Solution File, Format Version 12.00
# Visual Studio 14
VisualStudioVersion = 14.0.25420.1
MinimumVisualStudioVersion = 10.0.40219.1
Project("{2150E333-8FDC-42A3-9474-1A3956D46DE8}") = ".Solution Items", ".Solution Items", "{B429E0BA-4F78-44A2-B61A-8093A17789C4}"
	ProjectSection(SolutionItems) = preProject
		AdditionalDocuments\Dictionary.doc = AdditionalDocuments\Dictionary.doc
	EndProjectSection
EndProject
Project("{FAE04EC0-301F-11D3-BF4B-00C04F79EFBC}") = "LicensesContainer", "..\PR39-CommonResources\LicensesContainer\LicensesContainer.csproj", "{234A138E-4E17-4F12-84A3-A920DDAE0D86}"
EndProject
Project("{FAE04EC0-301F-11D3-BF4B-00C04F79EFBC}") = "T4Definitions", "..\PR39-CommonResources\T4Definitions\T4Definitions.csproj", "{D506423B-BA21-49E6-8C3B-88A771CA444E}"
EndProject
Project("{2150E333-8FDC-42A3-9474-1A3956D46DE8}") = "UnitTests", "UnitTests", "{B854411B-DA84-4DE2-832E-E8E61C3A107B}"
EndProject
Project("{FAE04EC0-301F-11D3-BF4B-00C04F79EFBC}") = "ModelDesigner.Configuration.UnitTests", "UnitTests\CommServer.UA.ModelDesigner.Configuration.UnitTests\ModelDesigner.Configuration.UnitTests.csproj", "{8F6A704E-F1E3-413B-AA5B-ECB741C4F73F}"
EndProject
Project("{FAE04EC0-301F-11D3-BF4B-00C04F79EFBC}") = "ModelDesigner.ImportExport.UnitTests", "UnitTests\CommServer.UA.ModelDesigner.ImportExport.UnitTests\ModelDesigner.ImportExport.UnitTests.csproj", "{0DEBB963-CA92-44D8-998F-9EDCF62547CF}"
EndProject
Project("{FAE04EC0-301F-11D3-BF4B-00C04F79EFBC}") = "ModelDesigner.ImportExport", "ModelDesigner.ImportExport\ModelDesigner.ImportExport.csproj", "{7C805BC4-B9C0-48E0-9D3F-D1C322B35ACB}"
EndProject
Project("{FAE04EC0-301F-11D3-BF4B-00C04F79EFBC}") = "ModelDesigner.Configuration", "ModelDesigner.Configuration\ModelDesigner.Configuration.csproj", "{B4E9C610-790A-417C-BF68-7B3E0AECCAA4}"
EndProject
Project("{FAE04EC0-301F-11D3-BF4B-00C04F79EFBC}") = "ModelDesigner.DesignStudio", "ModelDesigner.DesignStudio\ModelDesigner.DesignStudio.csproj", "{0B8CEFFB-66AD-447C-B009-1E06D8EEF2C4}"
EndProject
Project("{FAE04EC0-301F-11D3-BF4B-00C04F79EFBC}") = "ModelDesigner.OPCViewer", "ModelDesigner.OPCViewer\ModelDesigner.OPCViewer.csproj", "{23B79981-905D-4EEA-9450-0EBE196445DD}"
EndProject
Project("{FAE04EC0-301F-11D3-BF4B-00C04F79EFBC}") = "ModelDesigner.MeshDiagram3D", "ModelDesigne.MeshDiagram3D\ModelDesigne.MeshDiagram3D\ModelDesigner.MeshDiagram3D.csproj", "{839C6517-D1BF-4142-8668-444F2047C7CF}"
EndProject
Project("{FAE04EC0-301F-11D3-BF4B-00C04F79EFBC}") = "ModelDesigner.3DTools", "ModelDesigne.3DTools\ModelDesigne.3DTools\ModelDesigner.3DTools.csproj", "{5F603892-DE40-4246-A969-1C6717AFE35D}"
EndProject
Global
	GlobalSection(SubversionScc) = preSolution
		Svn-Managed = True
		Manager = AnkhSVN - Subversion Support for Visual Studio
	EndGlobalSection
	GlobalSection(SolutionConfigurationPlatforms) = preSolution
		Debug|Any CPU = Debug|Any CPU
		Release|Any CPU = Release|Any CPU
	EndGlobalSection
	GlobalSection(ProjectConfigurationPlatforms) = postSolution
		{234A138E-4E17-4F12-84A3-A920DDAE0D86}.Debug|Any CPU.ActiveCfg = Debug|Any CPU
		{234A138E-4E17-4F12-84A3-A920DDAE0D86}.Debug|Any CPU.Build.0 = Debug|Any CPU
		{234A138E-4E17-4F12-84A3-A920DDAE0D86}.Release|Any CPU.ActiveCfg = Release|Any CPU
		{234A138E-4E17-4F12-84A3-A920DDAE0D86}.Release|Any CPU.Build.0 = Release|Any CPU
		{D506423B-BA21-49E6-8C3B-88A771CA444E}.Debug|Any CPU.ActiveCfg = Debug|Any CPU
		{D506423B-BA21-49E6-8C3B-88A771CA444E}.Debug|Any CPU.Build.0 = Debug|Any CPU
		{D506423B-BA21-49E6-8C3B-88A771CA444E}.Release|Any CPU.ActiveCfg = Release|Any CPU
		{D506423B-BA21-49E6-8C3B-88A771CA444E}.Release|Any CPU.Build.0 = Release|Any CPU
		{8F6A704E-F1E3-413B-AA5B-ECB741C4F73F}.Debug|Any CPU.ActiveCfg = Debug|Any CPU
		{8F6A704E-F1E3-413B-AA5B-ECB741C4F73F}.Debug|Any CPU.Build.0 = Debug|Any CPU
		{8F6A704E-F1E3-413B-AA5B-ECB741C4F73F}.Release|Any CPU.ActiveCfg = Release|Any CPU
		{0DEBB963-CA92-44D8-998F-9EDCF62547CF}.Debug|Any CPU.ActiveCfg = Debug|Any CPU
		{0DEBB963-CA92-44D8-998F-9EDCF62547CF}.Debug|Any CPU.Build.0 = Debug|Any CPU
		{0DEBB963-CA92-44D8-998F-9EDCF62547CF}.Release|Any CPU.ActiveCfg = Release|Any CPU
		{7C805BC4-B9C0-48E0-9D3F-D1C322B35ACB}.Debug|Any CPU.ActiveCfg = Debug|Any CPU
		{7C805BC4-B9C0-48E0-9D3F-D1C322B35ACB}.Debug|Any CPU.Build.0 = Debug|Any CPU
		{7C805BC4-B9C0-48E0-9D3F-D1C322B35ACB}.Release|Any CPU.ActiveCfg = Release|Any CPU
		{7C805BC4-B9C0-48E0-9D3F-D1C322B35ACB}.Release|Any CPU.Build.0 = Release|Any CPU
		{B4E9C610-790A-417C-BF68-7B3E0AECCAA4}.Debug|Any CPU.ActiveCfg = Debug|Any CPU
		{B4E9C610-790A-417C-BF68-7B3E0AECCAA4}.Debug|Any CPU.Build.0 = Debug|Any CPU
		{B4E9C610-790A-417C-BF68-7B3E0AECCAA4}.Release|Any CPU.ActiveCfg = Release|Any CPU
		{B4E9C610-790A-417C-BF68-7B3E0AECCAA4}.Release|Any CPU.Build.0 = Release|Any CPU
		{0B8CEFFB-66AD-447C-B009-1E06D8EEF2C4}.Debug|Any CPU.ActiveCfg = Debug|Any CPU
		{0B8CEFFB-66AD-447C-B009-1E06D8EEF2C4}.Debug|Any CPU.Build.0 = Debug|Any CPU
		{0B8CEFFB-66AD-447C-B009-1E06D8EEF2C4}.Release|Any CPU.ActiveCfg = Release|Any CPU
		{0B8CEFFB-66AD-447C-B009-1E06D8EEF2C4}.Release|Any CPU.Build.0 = Release|Any CPU
		{23B79981-905D-4EEA-9450-0EBE196445DD}.Debug|Any CPU.ActiveCfg = Debug|Any CPU
		{23B79981-905D-4EEA-9450-0EBE196445DD}.Debug|Any CPU.Build.0 = Debug|Any CPU
		{23B79981-905D-4EEA-9450-0EBE196445DD}.Release|Any CPU.ActiveCfg = Release|Any CPU
		{23B79981-905D-4EEA-9450-0EBE196445DD}.Release|Any CPU.Build.0 = Release|Any CPU
		{839C6517-D1BF-4142-8668-444F2047C7CF}.Debug|Any CPU.ActiveCfg = Debug|Any CPU
		{839C6517-D1BF-4142-8668-444F2047C7CF}.Debug|Any CPU.Build.0 = Debug|Any CPU
		{839C6517-D1BF-4142-8668-444F2047C7CF}.Release|Any CPU.ActiveCfg = Release|Any CPU
		{839C6517-D1BF-4142-8668-444F2047C7CF}.Release|Any CPU.Build.0 = Release|Any CPU
		{5F603892-DE40-4246-A969-1C6717AFE35D}.Debug|Any CPU.ActiveCfg = Debug|Any CPU
		{5F603892-DE40-4246-A969-1C6717AFE35D}.Debug|Any CPU.Build.0 = Debug|Any CPU
		{5F603892-DE40-4246-A969-1C6717AFE35D}.Release|Any CPU.ActiveCfg = Release|Any CPU
		{5F603892-DE40-4246-A969-1C6717AFE35D}.Release|Any CPU.Build.0 = Release|Any CPU
	EndGlobalSection
	GlobalSection(SolutionProperties) = preSolution
		HideSolutionNode = FALSE
	EndGlobalSection
	GlobalSection(NestedProjects) = preSolution
		{234A138E-4E17-4F12-84A3-A920DDAE0D86} = {B429E0BA-4F78-44A2-B61A-8093A17789C4}
		{D506423B-BA21-49E6-8C3B-88A771CA444E} = {B429E0BA-4F78-44A2-B61A-8093A17789C4}
		{8F6A704E-F1E3-413B-AA5B-ECB741C4F73F} = {B854411B-DA84-4DE2-832E-E8E61C3A107B}
		{0DEBB963-CA92-44D8-998F-9EDCF62547CF} = {B854411B-DA84-4DE2-832E-E8E61C3A107B}
	EndGlobalSection
	GlobalSection(ExtensibilityGlobals) = postSolution
		EnterpriseLibraryConfigurationToolBinariesPathV6 = packages\EnterpriseLibrary.Common.6.0.1304.0\lib\NET45;packages\EnterpriseLibrary.ExceptionHandling.6.0.1304.0\lib\NET45;packages\EnterpriseLibrary.Logging.6.0.1304.0\lib\NET45
	EndGlobalSection
	GlobalSection(TestCaseManagementSettings) = postSolution
		CategoryFile = ASModelDesigner.vsmdi
	EndGlobalSection
EndGlobal
