
Microsoft Visual Studio Solution File, Format Version 12.00
# Visual Studio 2012
Project("{FAE04EC0-301F-11D3-BF4B-00C04F79EFBC}") = "MeshDiagram3D", "MeshDiagram3D\MeshDiagram3D.csproj", "{839C6517-D1BF-4142-8668-444F2047C7CF}"
EndProject
Project("{FAE04EC0-301F-11D3-BF4B-00C04F79EFBC}") = "MeshDiagram3DSimpleForm", "MeshDiagram3DSimpleForm\MeshDiagram3DSimpleForm.csproj", "{EE6CC111-8672-4D43-8F91-D70B162AA318}"
EndProject
Project("{FAE04EC0-301F-11D3-BF4B-00C04F79EFBC}") = "3DTools", "..\EX03-3DTools\3DTools\3DTools.csproj", "{5F603892-DE40-4246-A969-1C6717AFE35D}"
EndProject
Global
	GlobalSection(SolutionConfigurationPlatforms) = preSolution
		Debug|Any CPU = Debug|Any CPU
		Debug|Mixed Platforms = Debug|Mixed Platforms
		Debug|x86 = Debug|x86
		Release|Any CPU = Release|Any CPU
		Release|Mixed Platforms = Release|Mixed Platforms
		Release|x86 = Release|x86
	EndGlobalSection
	GlobalSection(ProjectConfigurationPlatforms) = postSolution
		{839C6517-D1BF-4142-8668-444F2047C7CF}.Debug|Any CPU.ActiveCfg = Debug|Any CPU
		{839C6517-D1BF-4142-8668-444F2047C7CF}.Debug|Any CPU.Build.0 = Debug|Any CPU
		{839C6517-D1BF-4142-8668-444F2047C7CF}.Debug|Mixed Platforms.ActiveCfg = Debug|Any CPU
		{839C6517-D1BF-4142-8668-444F2047C7CF}.Debug|Mixed Platforms.Build.0 = Debug|Any CPU
		{839C6517-D1BF-4142-8668-444F2047C7CF}.Debug|x86.ActiveCfg = Debug|Any CPU
		{839C6517-D1BF-4142-8668-444F2047C7CF}.Release|Any CPU.ActiveCfg = Release|Any CPU
		{839C6517-D1BF-4142-8668-444F2047C7CF}.Release|Any CPU.Build.0 = Release|Any CPU
		{839C6517-D1BF-4142-8668-444F2047C7CF}.Release|Mixed Platforms.ActiveCfg = Release|Any CPU
		{839C6517-D1BF-4142-8668-444F2047C7CF}.Release|Mixed Platforms.Build.0 = Release|Any CPU
		{839C6517-D1BF-4142-8668-444F2047C7CF}.Release|x86.ActiveCfg = Release|Any CPU
		{EE6CC111-8672-4D43-8F91-D70B162AA318}.Debug|Any CPU.ActiveCfg = Debug|Any CPU
		{EE6CC111-8672-4D43-8F91-D70B162AA318}.Debug|Any CPU.Build.0 = Debug|Any CPU
		{EE6CC111-8672-4D43-8F91-D70B162AA318}.Debug|Mixed Platforms.ActiveCfg = Debug|Any CPU
		{EE6CC111-8672-4D43-8F91-D70B162AA318}.Debug|Mixed Platforms.Build.0 = Debug|Any CPU
		{EE6CC111-8672-4D43-8F91-D70B162AA318}.Debug|x86.ActiveCfg = Debug|Any CPU
		{EE6CC111-8672-4D43-8F91-D70B162AA318}.Release|Any CPU.ActiveCfg = Release|Any CPU
		{EE6CC111-8672-4D43-8F91-D70B162AA318}.Release|Any CPU.Build.0 = Release|Any CPU
		{EE6CC111-8672-4D43-8F91-D70B162AA318}.Release|Mixed Platforms.ActiveCfg = Release|Any CPU
		{EE6CC111-8672-4D43-8F91-D70B162AA318}.Release|Mixed Platforms.Build.0 = Release|Any CPU
		{EE6CC111-8672-4D43-8F91-D70B162AA318}.Release|x86.ActiveCfg = Release|Any CPU
		{5F603892-DE40-4246-A969-1C6717AFE35D}.Debug|Any CPU.ActiveCfg = Debug|Any CPU
		{5F603892-DE40-4246-A969-1C6717AFE35D}.Debug|Any CPU.Build.0 = Debug|Any CPU
		{5F603892-DE40-4246-A969-1C6717AFE35D}.Debug|Mixed Platforms.ActiveCfg = Debug|Any CPU
		{5F603892-DE40-4246-A969-1C6717AFE35D}.Debug|Mixed Platforms.Build.0 = Debug|Any CPU
		{5F603892-DE40-4246-A969-1C6717AFE35D}.Debug|x86.ActiveCfg = Debug|Any CPU
		{5F603892-DE40-4246-A969-1C6717AFE35D}.Release|Any CPU.ActiveCfg = Release|Any CPU
		{5F603892-DE40-4246-A969-1C6717AFE35D}.Release|Any CPU.Build.0 = Release|Any CPU
		{5F603892-DE40-4246-A969-1C6717AFE35D}.Release|Mixed Platforms.ActiveCfg = Release|Any CPU
		{5F603892-DE40-4246-A969-1C6717AFE35D}.Release|Mixed Platforms.Build.0 = Release|Any CPU
		{5F603892-DE40-4246-A969-1C6717AFE35D}.Release|x86.ActiveCfg = Release|Any CPU
	EndGlobalSection
	GlobalSection(SolutionProperties) = preSolution
		HideSolutionNode = FALSE
	EndGlobalSection
EndGlobal
